
Microsoft Visual Studio Solution File, Format Version 12.00
# Visual Studio Version 17
VisualStudioVersion = 17.6.33829.357
MinimumVisualStudioVersion = 10.0.40219.1
Project("{FAE04EC0-301F-11D3-BF4B-00C04F79EFBC}") = "LECRP4E1", "LECRP4E1\LECRP4E1.csproj", "{B8E2A088-0723-4186-BCB0-AE7D8126AD9C}"
EndProject
Global
	GlobalSection(SolutionConfigurationPlatforms) = preSolution
		Debug|Any CPU = Debug|Any CPU
		Release|Any CPU = Release|Any CPU
	EndGlobalSection
	GlobalSection(ProjectConfigurationPlatforms) = postSolution
		{B8E2A088-0723-4186-BCB0-AE7D8126AD9C}.Debug|Any CPU.ActiveCfg = Debug|Any CPU
		{B8E2A088-0723-4186-BCB0-AE7D8126AD9C}.Debug|Any CPU.Build.0 = Debug|Any CPU
		{B8E2A088-0723-4186-BCB0-AE7D8126AD9C}.Release|Any CPU.ActiveCfg = Release|Any CPU
		{B8E2A088-0723-4186-BCB0-AE7D8126AD9C}.Release|Any CPU.Build.0 = Release|Any CPU
	EndGlobalSection
	GlobalSection(SolutionProperties) = preSolution
		HideSolutionNode = FALSE
	EndGlobalSection
	GlobalSection(ExtensibilityGlobals) = postSolution
		SolutionGuid = {658A6544-34F6-4D12-884B-51D350346C82}
	EndGlobalSection
EndGlobal
