
Microsoft Visual Studio Solution File, Format Version 12.00
# Visual Studio Version 17
VisualStudioVersion = 17.6.33829.357
MinimumVisualStudioVersion = 10.0.40219.1
Project("{FAE04EC0-301F-11D3-BF4B-00C04F79EFBC}") = "LECRP2Alumnos", "LECRP2Alumnos\LECRP2Alumnos.csproj", "{CFD45D2D-8199-4EFF-A17B-B5AFBC042526}"
EndProject
Global
	GlobalSection(SolutionConfigurationPlatforms) = preSolution
		Debug|Any CPU = Debug|Any CPU
		Release|Any CPU = Release|Any CPU
	EndGlobalSection
	GlobalSection(ProjectConfigurationPlatforms) = postSolution
		{CFD45D2D-8199-4EFF-A17B-B5AFBC042526}.Debug|Any CPU.ActiveCfg = Debug|Any CPU
		{CFD45D2D-8199-4EFF-A17B-B5AFBC042526}.Debug|Any CPU.Build.0 = Debug|Any CPU
		{CFD45D2D-8199-4EFF-A17B-B5AFBC042526}.Release|Any CPU.ActiveCfg = Release|Any CPU
		{CFD45D2D-8199-4EFF-A17B-B5AFBC042526}.Release|Any CPU.Build.0 = Release|Any CPU
	EndGlobalSection
	GlobalSection(SolutionProperties) = preSolution
		HideSolutionNode = FALSE
	EndGlobalSection
	GlobalSection(ExtensibilityGlobals) = postSolution
		SolutionGuid = {1F6247E1-5A29-4482-A736-3C1BF1467D4C}
	EndGlobalSection
EndGlobal
