
Microsoft Visual Studio Solution File, Format Version 12.00
# Visual Studio Version 17
VisualStudioVersion = 17.6.33829.357
MinimumVisualStudioVersion = 10.0.40219.1
Project("{FAE04EC0-301F-11D3-BF4B-00C04F79EFBC}") = "LECRP2Docentes", "LECRP2Docentes\LECRP2Docentes.csproj", "{9699FACC-993A-49F3-9682-7524D041FDFA}"
EndProject
Global
	GlobalSection(SolutionConfigurationPlatforms) = preSolution
		Debug|Any CPU = Debug|Any CPU
		Release|Any CPU = Release|Any CPU
	EndGlobalSection
	GlobalSection(ProjectConfigurationPlatforms) = postSolution
		{9699FACC-993A-49F3-9682-7524D041FDFA}.Debug|Any CPU.ActiveCfg = Debug|Any CPU
		{9699FACC-993A-49F3-9682-7524D041FDFA}.Debug|Any CPU.Build.0 = Debug|Any CPU
		{9699FACC-993A-49F3-9682-7524D041FDFA}.Release|Any CPU.ActiveCfg = Release|Any CPU
		{9699FACC-993A-49F3-9682-7524D041FDFA}.Release|Any CPU.Build.0 = Release|Any CPU
	EndGlobalSection
	GlobalSection(SolutionProperties) = preSolution
		HideSolutionNode = FALSE
	EndGlobalSection
	GlobalSection(ExtensibilityGlobals) = postSolution
		SolutionGuid = {7F59F928-1551-48FD-88A5-DC025728A0F1}
	EndGlobalSection
EndGlobal
