
Microsoft Visual Studio Solution File, Format Version 12.00
# Visual Studio Version 17
VisualStudioVersion = 17.6.33829.357
MinimumVisualStudioVersion = 10.0.40219.1
Project("{FAE04EC0-301F-11D3-BF4B-00C04F79EFBC}") = "Prueba1eje1", "Prueba1eje1\Prueba1eje1.csproj", "{6A37496B-FAB1-46FD-B3A1-C542AF462CFF}"
EndProject
Global
	GlobalSection(SolutionConfigurationPlatforms) = preSolution
		Debug|Any CPU = Debug|Any CPU
		Release|Any CPU = Release|Any CPU
	EndGlobalSection
	GlobalSection(ProjectConfigurationPlatforms) = postSolution
		{6A37496B-FAB1-46FD-B3A1-C542AF462CFF}.Debug|Any CPU.ActiveCfg = Debug|Any CPU
		{6A37496B-FAB1-46FD-B3A1-C542AF462CFF}.Debug|Any CPU.Build.0 = Debug|Any CPU
		{6A37496B-FAB1-46FD-B3A1-C542AF462CFF}.Release|Any CPU.ActiveCfg = Release|Any CPU
		{6A37496B-FAB1-46FD-B3A1-C542AF462CFF}.Release|Any CPU.Build.0 = Release|Any CPU
	EndGlobalSection
	GlobalSection(SolutionProperties) = preSolution
		HideSolutionNode = FALSE
	EndGlobalSection
	GlobalSection(ExtensibilityGlobals) = postSolution
		SolutionGuid = {9F405AC7-D869-47CC-899B-C64F56561FD5}
	EndGlobalSection
EndGlobal
